
Microsoft Visual Studio Solution File, Format Version 12.00
# Visual Studio Version 16
VisualStudioVersion = 16.0.32630.194
MinimumVisualStudioVersion = 10.0.40219.1
Project("{F184B08F-C81C-45F6-A57F-5ABD9991F28F}") = "EmployeeManagementSystem", "EmployeeManagementSystem\EmployeeManagementSystem.vbproj", "{08AB56BD-F41D-45FA-A72E-959D9864D3AD}"
EndProject
Global
	GlobalSection(SolutionConfigurationPlatforms) = preSolution
		Debug|Any CPU = Debug|Any CPU
		Release|Any CPU = Release|Any CPU
	EndGlobalSection
	GlobalSection(ProjectConfigurationPlatforms) = postSolution
		{08AB56BD-F41D-45FA-A72E-959D9864D3AD}.Debug|Any CPU.ActiveCfg = Debug|Any CPU
		{08AB56BD-F41D-45FA-A72E-959D9864D3AD}.Debug|Any CPU.Build.0 = Debug|Any CPU
		{08AB56BD-F41D-45FA-A72E-959D9864D3AD}.Release|Any CPU.ActiveCfg = Release|Any CPU
		{08AB56BD-F41D-45FA-A72E-959D9864D3AD}.Release|Any CPU.Build.0 = Release|Any CPU
	EndGlobalSection
	GlobalSection(SolutionProperties) = preSolution
		HideSolutionNode = FALSE
	EndGlobalSection
	GlobalSection(ExtensibilityGlobals) = postSolution
		SolutionGuid = {05DC0463-A810-4402-AAD9-38F5405C6A3F}
	EndGlobalSection
EndGlobal
